
Microsoft Visual Studio Solution File, Format Version 12.00
# Visual Studio Version 17
VisualStudioVersion = 17.5.33516.290
MinimumVisualStudioVersion = 10.0.40219.1
Project("{9A19103F-16F7-4668-BE54-9A1E7A4F7556}") = "PostLand.Domain", "PostLand.Domain\PostLand.Domain.csproj", "{6348B659-A049-4E90-AB72-91113A56F8D2}"
EndProject
Project("{2150E333-8FDC-42A3-9474-1A3956D46DE8}") = "src", "src", "{D87D3FDB-A94D-43D3-9E6D-A9037B498BEC}"
EndProject
Project("{2150E333-8FDC-42A3-9474-1A3956D46DE8}") = "test", "test", "{CBEDBB40-2757-4609-A6EE-3826AB1550FD}"
EndProject
Project("{2150E333-8FDC-42A3-9474-1A3956D46DE8}") = "Core", "Core", "{5BE22C4A-9760-41BC-9394-6317CE612AEB}"
EndProject
Project("{2150E333-8FDC-42A3-9474-1A3956D46DE8}") = "Infrastructure", "Infrastructure", "{76A6CF97-98DE-45E8-9FCA-2121F253D231}"
EndProject
Project("{2150E333-8FDC-42A3-9474-1A3956D46DE8}") = "UI", "UI", "{17E646AE-4F1F-47AB-A739-30CA101D84EE}"
EndProject
Project("{2150E333-8FDC-42A3-9474-1A3956D46DE8}") = "API", "API", "{9F39824A-843A-41D2-A2FB-99A53AB0E4DD}"
EndProject
Project("{9A19103F-16F7-4668-BE54-9A1E7A4F7556}") = "PostLand.Application", "PostLand.Application\PostLand.Application.csproj", "{ED9903D3-8B19-435B-9467-515EBE97DF8C}"
EndProject
Project("{FAE04EC0-301F-11D3-BF4B-00C04F79EFBC}") = "PostLand.Persistence", "PostLand.Persistence\PostLand.Persistence.csproj", "{44817643-FC70-4317-9682-322B10FA0502}"
EndProject
Project("{FAE04EC0-301F-11D3-BF4B-00C04F79EFBC}") = "PostLand.Api", "PostLand.Api\PostLand.Api.csproj", "{AC826CA9-939B-4283-A4C0-695CC65EF7E5}"
EndProject
Global
	GlobalSection(SolutionConfigurationPlatforms) = preSolution
		Debug|Any CPU = Debug|Any CPU
		Release|Any CPU = Release|Any CPU
	EndGlobalSection
	GlobalSection(ProjectConfigurationPlatforms) = postSolution
		{6348B659-A049-4E90-AB72-91113A56F8D2}.Debug|Any CPU.ActiveCfg = Debug|Any CPU
		{6348B659-A049-4E90-AB72-91113A56F8D2}.Debug|Any CPU.Build.0 = Debug|Any CPU
		{6348B659-A049-4E90-AB72-91113A56F8D2}.Release|Any CPU.ActiveCfg = Release|Any CPU
		{6348B659-A049-4E90-AB72-91113A56F8D2}.Release|Any CPU.Build.0 = Release|Any CPU
		{ED9903D3-8B19-435B-9467-515EBE97DF8C}.Debug|Any CPU.ActiveCfg = Debug|Any CPU
		{ED9903D3-8B19-435B-9467-515EBE97DF8C}.Debug|Any CPU.Build.0 = Debug|Any CPU
		{ED9903D3-8B19-435B-9467-515EBE97DF8C}.Release|Any CPU.ActiveCfg = Release|Any CPU
		{ED9903D3-8B19-435B-9467-515EBE97DF8C}.Release|Any CPU.Build.0 = Release|Any CPU
		{44817643-FC70-4317-9682-322B10FA0502}.Debug|Any CPU.ActiveCfg = Debug|Any CPU
		{44817643-FC70-4317-9682-322B10FA0502}.Debug|Any CPU.Build.0 = Debug|Any CPU
		{44817643-FC70-4317-9682-322B10FA0502}.Release|Any CPU.ActiveCfg = Release|Any CPU
		{44817643-FC70-4317-9682-322B10FA0502}.Release|Any CPU.Build.0 = Release|Any CPU
		{AC826CA9-939B-4283-A4C0-695CC65EF7E5}.Debug|Any CPU.ActiveCfg = Debug|Any CPU
		{AC826CA9-939B-4283-A4C0-695CC65EF7E5}.Debug|Any CPU.Build.0 = Debug|Any CPU
		{AC826CA9-939B-4283-A4C0-695CC65EF7E5}.Release|Any CPU.ActiveCfg = Release|Any CPU
		{AC826CA9-939B-4283-A4C0-695CC65EF7E5}.Release|Any CPU.Build.0 = Release|Any CPU
	EndGlobalSection
	GlobalSection(SolutionProperties) = preSolution
		HideSolutionNode = FALSE
	EndGlobalSection
	GlobalSection(NestedProjects) = preSolution
		{6348B659-A049-4E90-AB72-91113A56F8D2} = {5BE22C4A-9760-41BC-9394-6317CE612AEB}
		{5BE22C4A-9760-41BC-9394-6317CE612AEB} = {D87D3FDB-A94D-43D3-9E6D-A9037B498BEC}
		{76A6CF97-98DE-45E8-9FCA-2121F253D231} = {D87D3FDB-A94D-43D3-9E6D-A9037B498BEC}
		{17E646AE-4F1F-47AB-A739-30CA101D84EE} = {D87D3FDB-A94D-43D3-9E6D-A9037B498BEC}
		{9F39824A-843A-41D2-A2FB-99A53AB0E4DD} = {D87D3FDB-A94D-43D3-9E6D-A9037B498BEC}
		{ED9903D3-8B19-435B-9467-515EBE97DF8C} = {5BE22C4A-9760-41BC-9394-6317CE612AEB}
		{44817643-FC70-4317-9682-322B10FA0502} = {76A6CF97-98DE-45E8-9FCA-2121F253D231}
		{AC826CA9-939B-4283-A4C0-695CC65EF7E5} = {9F39824A-843A-41D2-A2FB-99A53AB0E4DD}
	EndGlobalSection
	GlobalSection(ExtensibilityGlobals) = postSolution
		SolutionGuid = {5EBD9F7C-451E-46D9-BDC0-F35CA9A21ABA}
	EndGlobalSection
EndGlobal
